
Microsoft Visual Studio Solution File, Format Version 12.00
# Visual Studio Version 17
VisualStudioVersion = 17.4.33205.214
MinimumVisualStudioVersion = 10.0.40219.1
Project("{9A19103F-16F7-4668-BE54-9A1E7A4F7556}") = "BeaconAPI", "BeaconAPI\BeaconAPI.csproj", "{07BAEF34-B6A0-4512-8964-FA802A64A81F}"
EndProject
Project("{FAE04EC0-301F-11D3-BF4B-00C04F79EFBC}") = "BeaconAPITests", "BeaconAPITests\BeaconAPITests.csproj", "{385F3EC5-9890-4167-85A9-3D81BDC48ECE}"
EndProject
Global
	GlobalSection(SolutionConfigurationPlatforms) = preSolution
		Debug|Any CPU = Debug|Any CPU
		Release|Any CPU = Release|Any CPU
	EndGlobalSection
	GlobalSection(ProjectConfigurationPlatforms) = postSolution
		{07BAEF34-B6A0-4512-8964-FA802A64A81F}.Debug|Any CPU.ActiveCfg = Debug|Any CPU
		{07BAEF34-B6A0-4512-8964-FA802A64A81F}.Debug|Any CPU.Build.0 = Debug|Any CPU
		{07BAEF34-B6A0-4512-8964-FA802A64A81F}.Release|Any CPU.ActiveCfg = Release|Any CPU
		{07BAEF34-B6A0-4512-8964-FA802A64A81F}.Release|Any CPU.Build.0 = Release|Any CPU
		{385F3EC5-9890-4167-85A9-3D81BDC48ECE}.Debug|Any CPU.ActiveCfg = Debug|Any CPU
		{385F3EC5-9890-4167-85A9-3D81BDC48ECE}.Debug|Any CPU.Build.0 = Debug|Any CPU
		{385F3EC5-9890-4167-85A9-3D81BDC48ECE}.Release|Any CPU.ActiveCfg = Release|Any CPU
		{385F3EC5-9890-4167-85A9-3D81BDC48ECE}.Release|Any CPU.Build.0 = Release|Any CPU
	EndGlobalSection
	GlobalSection(SolutionProperties) = preSolution
		HideSolutionNode = FALSE
	EndGlobalSection
	GlobalSection(ExtensibilityGlobals) = postSolution
		SolutionGuid = {3DC4F4AE-E2E3-4E9C-8A49-F434C4173798}
	EndGlobalSection
EndGlobal
